<Solution>
  <Project Path="NetFabric.Hyperlinq/NetFabric.Hyperlinq.csproj" />
  <Project Path="NetFabric.Hyperlinq.SourceGenerator/NetFabric.Hyperlinq.SourceGenerator.csproj" />
  <Project Path="NetFabric.Hyperlinq.Test/NetFabric.Hyperlinq.Test.csproj" />
  <Project Path="NetFabric.Hyperlinq.Benchmarks/NetFabric.Hyperlinq.Benchmarks.csproj" />
  <Project Path="NetFabric.Hyperlinq.Benchmarks.Baseline/NetFabric.Hyperlinq.Benchmarks.Baseline.csproj" />
</Solution>
